# Generated by pub
# See https://dart.dev/tools/pub/glossary#lockfile
packages:
  account:
    dependency: "direct main"
    description:
      path: "../packages/account"
      relative: true
    source: path
    version: "1.0.0"
  application:
    dependency: "direct main"
    description:
      path: "../packages/application"
      relative: true
    source: path
    version: "1.0.0"
  characters:
    dependency: transitive
    description:
      name: characters
      sha256: e6a326c8af69605aec75ed6c187d06b349707a27fbff8222ca9cc2cff167975c
      url: "https://pub.dev"
    source: hosted
    version: "1.2.1"
  collection:
    dependency: transitive
    description:
      name: collection
      sha256: cfc915e6923fe5ce6e153b0723c753045de46de1b4d63771530504004a45fae0
      url: "https://pub.dev"
    source: hosted
    version: "1.17.0"
  core:
    dependency: "direct overridden"
    description:
      path: "../packages/core"
      relative: true
    source: path
    version: "1.0.0"
  cross_file:
    dependency: transitive
    description:
      name: cross_file
      sha256: "0b0036e8cccbfbe0555fd83c1d31a6f30b77a96b598b35a5d36dd41f718695e9"
      url: "https://pub.dev"
    source: hosted
    version: "0.3.3+4"
  crypto:
    dependency: transitive
    description:
      name: crypto
      sha256: aa274aa7774f8964e4f4f38cc994db7b6158dd36e9187aaceaddc994b35c6c67
      url: "https://pub.dev"
    source: hosted
    version: "3.0.2"
  dino:
    dependency: transitive
    description:
      name: dino
      sha256: "00e4a1c31b63f4147137d38cffe4b33a71827d0c842e98c54372f20a4d5d3f67"
      url: "https://pub.dev"
    source: hosted
    version: "1.0.0-pre.1"
  dino_flutter:
    dependency: transitive
    description:
      name: dino_flutter
      sha256: a8afd6ca8975369927280f3d90c31133eb41bb6ad179fe9b75f49ec29ba44f0b
      url: "https://pub.dev"
    source: hosted
    version: "1.0.0-pre.1"
  equatable:
    dependency: transitive
    description:
      name: equatable
      sha256: c2b87cb7756efdf69892005af546c56c0b5037f54d2a88269b4f347a505e3ca2
      url: "https://pub.dev"
    source: hosted
    version: "2.0.5"
  flutter:
    dependency: "direct main"
    description: flutter
    source: sdk
    version: "0.0.0"
  flutter_web_plugins:
    dependency: transitive
    description: flutter
    source: sdk
    version: "0.0.0"
  fpdart:
    dependency: transitive
    description:
      name: fpdart
      sha256: "40dfb6f837ed1a24bc379083b564c196e6d771d713c9641cc30402a1fb989926"
      url: "https://pub.dev"
    source: hosted
    version: "0.5.0"
  freezed_annotation:
    dependency: transitive
    description:
      name: freezed_annotation
      sha256: aeac15850ef1b38ee368d4c53ba9a847e900bb2c53a4db3f6881cbb3cb684338
      url: "https://pub.dev"
    source: hosted
    version: "2.2.0"
  gallery:
    dependency: "direct main"
    description:
      path: "../packages/gallery"
      relative: true
    source: path
    version: "1.0.0"
  go_router:
    dependency: transitive
    description:
      name: go_router
      sha256: "4d141302e68dcdec0949ac798b5a8cf307eb6f79c70830ef1a2aec9b31827c28"
      url: "https://pub.dev"
    source: hosted
    version: "6.5.8"
  js:
    dependency: transitive
    description:
      name: js
      sha256: "5528c2f391ededb7775ec1daa69e65a2d61276f7552de2b5f7b8d34ee9fd4ab7"
      url: "https://pub.dev"
    source: hosted
    version: "0.6.5"
  json_annotation:
    dependency: transitive
    description:
      name: json_annotation
      sha256: c33da08e136c3df0190bd5bbe51ae1df4a7d96e7954d1d7249fea2968a72d317
      url: "https://pub.dev"
    source: hosted
    version: "4.8.0"
  logging:
    dependency: transitive
    description:
      name: logging
      sha256: "04094f2eb032cbb06c6f6e8d3607edcfcb0455e2bb6cbc010cb01171dcb64e6d"
      url: "https://pub.dev"
    source: hosted
    version: "1.1.1"
  material_color_utilities:
    dependency: transitive
    description:
      name: material_color_utilities
      sha256: d92141dc6fe1dad30722f9aa826c7fbc896d021d792f80678280601aff8cf724
      url: "https://pub.dev"
    source: hosted
    version: "0.2.0"
  meta:
    dependency: transitive
    description:
      name: meta
      sha256: "6c268b42ed578a53088d834796959e4a1814b5e9e164f147f580a386e5decf42"
      url: "https://pub.dev"
    source: hosted
    version: "1.8.0"
  mime:
    dependency: transitive
    description:
      name: mime
      sha256: e4ff8e8564c03f255408decd16e7899da1733852a9110a58fe6d1b817684a63e
      url: "https://pub.dev"
    source: hosted
    version: "1.0.4"
  pansy_arch:
    dependency: transitive
    description:
      path: "packages/pansy_arch"
      ref: HEAD
      resolved-ref: "57e215adcd93827a19f3c9e5f3722909a46355f6"
      url: "https://github.com/mocki-toki/pansy_architecture.git"
    source: git
    version: "1.0.0"
  pansy_arch_flutter:
    dependency: transitive
    description:
      path: "packages/pansy_arch_flutter"
      ref: HEAD
      resolved-ref: "57e215adcd93827a19f3c9e5f3722909a46355f6"
      url: "https://github.com/mocki-toki/pansy_architecture.git"
    source: git
    version: "1.0.0"
  pansy_arch_go_router:
    dependency: transitive
    description:
      path: "packages/pansy_arch_go_router"
      ref: HEAD
      resolved-ref: "57e215adcd93827a19f3c9e5f3722909a46355f6"
      url: "https://github.com/mocki-toki/pansy_architecture.git"
    source: git
    version: "1.0.0"
  sky_engine:
    dependency: transitive
    description: flutter
    source: sdk
    version: "0.0.99"
  typed_data:
    dependency: transitive
    description:
      name: typed_data
      sha256: "26f87ade979c47a150c9eaab93ccd2bebe70a27dc0b4b29517f2904f04eb11a5"
      url: "https://pub.dev"
    source: hosted
    version: "1.3.1"
  uuid:
    dependency: transitive
    description:
      name: uuid
      sha256: "648e103079f7c64a36dc7d39369cabb358d377078a051d6ae2ad3aa539519313"
      url: "https://pub.dev"
    source: hosted
    version: "3.0.7"
  vector_math:
    dependency: transitive
    description:
      name: vector_math
      sha256: "80b3257d1492ce4d091729e3a67a60407d227c27241d6927be0130c98e741803"
      url: "https://pub.dev"
    source: hosted
    version: "2.1.4"
sdks:
  dart: ">=2.19.6 <3.0.0"
  flutter: ">=3.3.0"
